// !$*UTF8*$!
{
	archiveVersion = 1;
	classes = {
	};
	objectVersion = 55;
	objects = {

/* Begin PBXBuildFile section */
		00078AB42804FDEE0027EDD7 /* SideMenuOptionRowView.swift in Sources */ = {isa = PBXBuildFile; fileRef = 00078AB32804FDEE0027EDD7 /* SideMenuOptionRowView.swift */; };
		000C7F4027FF6837002EC330 /* UserRowView.swift in Sources */ = {isa = PBXBuildFile; fileRef = 000C7F3F27FF6837002EC330 /* UserRowView.swift */; };
		0037EB852811ED6900B478A0 /* NewTweetView.swift in Sources */ = {isa = PBXBuildFile; fileRef = 0037EB842811ED6900B478A0 /* NewTweetView.swift */; };
		0037EB872811EEF100B478A0 /* TextArea.swift in Sources */ = {isa = PBXBuildFile; fileRef = 0037EB862811EEF100B478A0 /* TextArea.swift */; };
		0042BA5827F76258005B18B0 /* TwitterCloneApp.swift in Sources */ = {isa = PBXBuildFile; fileRef = 0042BA5727F76258005B18B0 /* TwitterCloneApp.swift */; };
		0042BA5A27F76258005B18B0 /* ContentView.swift in Sources */ = {isa = PBXBuildFile; fileRef = 0042BA5927F76258005B18B0 /* ContentView.swift */; };
		0042BA5C27F76259005B18B0 /* Assets.xcassets in Resources */ = {isa = PBXBuildFile; fileRef = 0042BA5B27F76259005B18B0 /* Assets.xcassets */; };
		0042BA5F27F76259005B18B0 /* Preview Assets.xcassets in Resources */ = {isa = PBXBuildFile; fileRef = 0042BA5E27F76259005B18B0 /* Preview Assets.xcassets */; };
		0042BA7227F764C7005B18B0 /* FeedView.swift in Sources */ = {isa = PBXBuildFile; fileRef = 0042BA7127F764C7005B18B0 /* FeedView.swift */; };
		0042BA7527F76626005B18B0 /* TweetRowView.swift in Sources */ = {isa = PBXBuildFile; fileRef = 0042BA7427F76626005B18B0 /* TweetRowView.swift */; };
		0042BA7827F7727C005B18B0 /* MainTabView.swift in Sources */ = {isa = PBXBuildFile; fileRef = 0042BA7727F7727C005B18B0 /* MainTabView.swift */; };
		004508EC2827073100DEFF69 /* AuthHeaderView.swift in Sources */ = {isa = PBXBuildFile; fileRef = 004508EB2827073100DEFF69 /* AuthHeaderView.swift */; };
		004508EE2827112100DEFF69 /* GoogleService-Info.plist in Resources */ = {isa = PBXBuildFile; fileRef = 004508ED2827112100DEFF69 /* GoogleService-Info.plist */; };
		004508F12827124200DEFF69 /* FirebaseAuth in Frameworks */ = {isa = PBXBuildFile; productRef = 004508F02827124200DEFF69 /* FirebaseAuth */; };
		004508F32827124200DEFF69 /* FirebaseFirestore in Frameworks */ = {isa = PBXBuildFile; productRef = 004508F22827124200DEFF69 /* FirebaseFirestore */; };
		004508F52827124200DEFF69 /* FirebaseFirestoreSwift in Frameworks */ = {isa = PBXBuildFile; productRef = 004508F42827124200DEFF69 /* FirebaseFirestoreSwift */; };
		004508F72827124200DEFF69 /* FirebaseStorage in Frameworks */ = {isa = PBXBuildFile; productRef = 004508F62827124200DEFF69 /* FirebaseStorage */; };
		0065F81B2827DEC900450A3F /* AuthViewModel.swift in Sources */ = {isa = PBXBuildFile; fileRef = 0065F81A2827DEC900450A3F /* AuthViewModel.swift */; };
		009AA5E32802206A00F67D93 /* SideMenuView.swift in Sources */ = {isa = PBXBuildFile; fileRef = 009AA5E22802206A00F67D93 /* SideMenuView.swift */; };
		009AA5E72802210800F67D93 /* SideMenuViewModel.swift in Sources */ = {isa = PBXBuildFile; fileRef = 009AA5E62802210800F67D93 /* SideMenuViewModel.swift */; };
		009AA5E92802242900F67D93 /* UserStatsView.swift in Sources */ = {isa = PBXBuildFile; fileRef = 009AA5E82802242900F67D93 /* UserStatsView.swift */; };
		00AE361128207D060080EE0D /* CustomInputField.swift in Sources */ = {isa = PBXBuildFile; fileRef = 00AE361028207D060080EE0D /* CustomInputField.swift */; };
		00AED20E27F9B9F60000EC7F /* ExploreView.swift in Sources */ = {isa = PBXBuildFile; fileRef = 00AED20D27F9B9F60000EC7F /* ExploreView.swift */; };
		00AED21027F9BA310000EC7F /* NotificationsView.swift in Sources */ = {isa = PBXBuildFile; fileRef = 00AED20F27F9BA310000EC7F /* NotificationsView.swift */; };
		00AED21227F9BA5E0000EC7F /* MessagesView.swift in Sources */ = {isa = PBXBuildFile; fileRef = 00AED21127F9BA5E0000EC7F /* MessagesView.swift */; };
		00AED21627F9BCB80000EC7F /* ProfileView.swift in Sources */ = {isa = PBXBuildFile; fileRef = 00AED21527F9BCB80000EC7F /* ProfileView.swift */; };
		00E7C9B3281C7743000A86AB /* LogInView.swift in Sources */ = {isa = PBXBuildFile; fileRef = 00E7C9B2281C7743000A86AB /* LogInView.swift */; };
		00E7C9B5281C775A000A86AB /* RegisterationView.swift in Sources */ = {isa = PBXBuildFile; fileRef = 00E7C9B4281C775A000A86AB /* RegisterationView.swift */; };
		00E7C9B7281C7956000A86AB /* RoundedShape.swift in Sources */ = {isa = PBXBuildFile; fileRef = 00E7C9B6281C7956000A86AB /* RoundedShape.swift */; };
		00FF4B1F27FD130B008E7255 /* TweetFilterViewModel.swift in Sources */ = {isa = PBXBuildFile; fileRef = 00FF4B1E27FD130B008E7255 /* TweetFilterViewModel.swift */; };
/* End PBXBuildFile section */

/* Begin PBXFileReference section */
		00078AB32804FDEE0027EDD7 /* SideMenuOptionRowView.swift */ = {isa = PBXFileReference; lastKnownFileType = sourcecode.swift; path = SideMenuOptionRowView.swift; sourceTree = "<group>"; };
		000C7F3F27FF6837002EC330 /* UserRowView.swift */ = {isa = PBXFileReference; lastKnownFileType = sourcecode.swift; path = UserRowView.swift; sourceTree = "<group>"; };
		0037EB842811ED6900B478A0 /* NewTweetView.swift */ = {isa = PBXFileReference; lastKnownFileType = sourcecode.swift; path = NewTweetView.swift; sourceTree = "<group>"; };
		0037EB862811EEF100B478A0 /* TextArea.swift */ = {isa = PBXFileReference; lastKnownFileType = sourcecode.swift; path = TextArea.swift; sourceTree = "<group>"; };
		0042BA5427F76258005B18B0 /* TwitterClone.app */ = {isa = PBXFileReference; explicitFileType = wrapper.application; includeInIndex = 0; path = TwitterClone.app; sourceTree = BUILT_PRODUCTS_DIR; };
		0042BA5727F76258005B18B0 /* TwitterCloneApp.swift */ = {isa = PBXFileReference; lastKnownFileType = sourcecode.swift; path = TwitterCloneApp.swift; sourceTree = "<group>"; };
		0042BA5927F76258005B18B0 /* ContentView.swift */ = {isa = PBXFileReference; lastKnownFileType = sourcecode.swift; path = ContentView.swift; sourceTree = "<group>"; };
		0042BA5B27F76259005B18B0 /* Assets.xcassets */ = {isa = PBXFileReference; lastKnownFileType = folder.assetcatalog; path = Assets.xcassets; sourceTree = "<group>"; };
		0042BA5E27F76259005B18B0 /* Preview Assets.xcassets */ = {isa = PBXFileReference; lastKnownFileType = folder.assetcatalog; path = "Preview Assets.xcassets"; sourceTree = "<group>"; };
		0042BA7127F764C7005B18B0 /* FeedView.swift */ = {isa = PBXFileReference; lastKnownFileType = sourcecode.swift; path = FeedView.swift; sourceTree = "<group>"; };
		0042BA7427F76626005B18B0 /* TweetRowView.swift */ = {isa = PBXFileReference; lastKnownFileType = sourcecode.swift; path = TweetRowView.swift; sourceTree = "<group>"; };
		0042BA7727F7727C005B18B0 /* MainTabView.swift */ = {isa = PBXFileReference; lastKnownFileType = sourcecode.swift; path = MainTabView.swift; sourceTree = "<group>"; };
		004508EB2827073100DEFF69 /* AuthHeaderView.swift */ = {isa = PBXFileReference; lastKnownFileType = sourcecode.swift; path = AuthHeaderView.swift; sourceTree = "<group>"; };
		004508ED2827112100DEFF69 /* GoogleService-Info.plist */ = {isa = PBXFileReference; lastKnownFileType = text.plist; path = "GoogleService-Info.plist"; sourceTree = SOURCE_ROOT; };
		0065F81A2827DEC900450A3F /* AuthViewModel.swift */ = {isa = PBXFileReference; lastKnownFileType = sourcecode.swift; path = AuthViewModel.swift; sourceTree = "<group>"; };
		009AA5E22802206A00F67D93 /* SideMenuView.swift */ = {isa = PBXFileReference; lastKnownFileType = sourcecode.swift; path = SideMenuView.swift; sourceTree = "<group>"; };
		009AA5E62802210800F67D93 /* SideMenuViewModel.swift */ = {isa = PBXFileReference; lastKnownFileType = sourcecode.swift; path = SideMenuViewModel.swift; sourceTree = "<group>"; };
		009AA5E82802242900F67D93 /* UserStatsView.swift */ = {isa = PBXFileReference; lastKnownFileType = sourcecode.swift; path = UserStatsView.swift; sourceTree = "<group>"; };
		00AE361028207D060080EE0D /* CustomInputField.swift */ = {isa = PBXFileReference; lastKnownFileType = sourcecode.swift; path = CustomInputField.swift; sourceTree = "<group>"; };
		00AED20D27F9B9F60000EC7F /* ExploreView.swift */ = {isa = PBXFileReference; lastKnownFileType = sourcecode.swift; path = ExploreView.swift; sourceTree = "<group>"; };
		00AED20F27F9BA310000EC7F /* NotificationsView.swift */ = {isa = PBXFileReference; lastKnownFileType = sourcecode.swift; path = NotificationsView.swift; sourceTree = "<group>"; };
		00AED21127F9BA5E0000EC7F /* MessagesView.swift */ = {isa = PBXFileReference; lastKnownFileType = sourcecode.swift; path = MessagesView.swift; sourceTree = "<group>"; };
		00AED21527F9BCB80000EC7F /* ProfileView.swift */ = {isa = PBXFileReference; lastKnownFileType = sourcecode.swift; path = ProfileView.swift; sourceTree = "<group>"; };
		00E7C9B2281C7743000A86AB /* LogInView.swift */ = {isa = PBXFileReference; lastKnownFileType = sourcecode.swift; path = LogInView.swift; sourceTree = "<group>"; };
		00E7C9B4281C775A000A86AB /* RegisterationView.swift */ = {isa = PBXFileReference; lastKnownFileType = sourcecode.swift; path = RegisterationView.swift; sourceTree = "<group>"; };
		00E7C9B6281C7956000A86AB /* RoundedShape.swift */ = {isa = PBXFileReference; lastKnownFileType = sourcecode.swift; path = RoundedShape.swift; sourceTree = "<group>"; };
		00FF4B1E27FD130B008E7255 /* TweetFilterViewModel.swift */ = {isa = PBXFileReference; lastKnownFileType = sourcecode.swift; path = TweetFilterViewModel.swift; sourceTree = "<group>"; };
/* End PBXFileReference section */

/* Begin PBXFrameworksBuildPhase section */
		0042BA5127F76258005B18B0 /* Frameworks */ = {
			isa = PBXFrameworksBuildPhase;
			buildActionMask = 2147483647;
			files = (
				004508F12827124200DEFF69 /* FirebaseAuth in Frameworks */,
				004508F72827124200DEFF69 /* FirebaseStorage in Frameworks */,
				004508F32827124200DEFF69 /* FirebaseFirestore in Frameworks */,
				004508F52827124200DEFF69 /* FirebaseFirestoreSwift in Frameworks */,
			);
			runOnlyForDeploymentPostprocessing = 0;
		};
/* End PBXFrameworksBuildPhase section */

/* Begin PBXGroup section */
		000C7F3C27FF67E4002EC330 /* ViewModels */ = {
			isa = PBXGroup;
			children = (
				00AED20D27F9B9F60000EC7F /* ExploreView.swift */,
			);
			path = ViewModels;
			sourceTree = "<group>";
		};
		000C7F3D27FF67F2002EC330 /* Views */ = {
			isa = PBXGroup;
			children = (
			);
			path = Views;
			sourceTree = "<group>";
		};
		000C7F3E27FF6818002EC330 /* Users */ = {
			isa = PBXGroup;
			children = (
				000C7F3F27FF6837002EC330 /* UserRowView.swift */,
				009AA5E82802242900F67D93 /* UserStatsView.swift */,
			);
			path = Users;
			sourceTree = "<group>";
		};
		0037EB812811EC6800B478A0 /* UploadTweet */ = {
			isa = PBXGroup;
			children = (
				0037EB832811EC8700B478A0 /* Views */,
				0037EB822811EC7D00B478A0 /* ViewModels */,
			);
			path = UploadTweet;
			sourceTree = "<group>";
		};
		0037EB822811EC7D00B478A0 /* ViewModels */ = {
			isa = PBXGroup;
			children = (
			);
			path = ViewModels;
			sourceTree = "<group>";
		};
		0037EB832811EC8700B478A0 /* Views */ = {
			isa = PBXGroup;
			children = (
				0037EB842811ED6900B478A0 /* NewTweetView.swift */,
			);
			path = Views;
			sourceTree = "<group>";
		};
		0042BA4B27F76258005B18B0 = {
			isa = PBXGroup;
			children = (
				0042BA5627F76258005B18B0 /* TwitterClone */,
				0042BA5527F76258005B18B0 /* Products */,
			);
			sourceTree = "<group>";
		};
		0042BA5527F76258005B18B0 /* Products */ = {
			isa = PBXGroup;
			children = (
				0042BA5427F76258005B18B0 /* TwitterClone.app */,
			);
			name = Products;
			sourceTree = "<group>";
		};
		0042BA5627F76258005B18B0 /* TwitterClone */ = {
			isa = PBXGroup;
			children = (
				0042BA6827F762A2005B18B0 /* Extensions */,
				0042BA6B27F7641A005B18B0 /* Model */,
				0042BA6927F7634A005B18B0 /* Service */,
				0042BA6D27F7644D005B18B0 /* Components */,
				0042BA6C27F76431005B18B0 /* Core */,
				0042BA5927F76258005B18B0 /* ContentView.swift */,
				0042BA5727F76258005B18B0 /* TwitterCloneApp.swift */,
				0042BA5B27F76259005B18B0 /* Assets.xcassets */,
				004508ED2827112100DEFF69 /* GoogleService-Info.plist */,
				0042BA5D27F76259005B18B0 /* Preview Content */,
			);
			path = TwitterClone;
			sourceTree = "<group>";
		};
		0042BA5D27F76259005B18B0 /* Preview Content */ = {
			isa = PBXGroup;
			children = (
				0042BA5E27F76259005B18B0 /* Preview Assets.xcassets */,
			);
			path = "Preview Content";
			sourceTree = "<group>";
		};
		0042BA6827F762A2005B18B0 /* Extensions */ = {
			isa = PBXGroup;
			children = (
			);
			path = Extensions;
			sourceTree = "<group>";
		};
		0042BA6927F7634A005B18B0 /* Service */ = {
			isa = PBXGroup;
			children = (
			);
			path = Service;
			sourceTree = "<group>";
		};
		0042BA6B27F7641A005B18B0 /* Model */ = {
			isa = PBXGroup;
			children = (
			);
			path = Model;
			sourceTree = "<group>";
		};
		0042BA6C27F76431005B18B0 /* Core */ = {
			isa = PBXGroup;
			children = (
				00E7C9AF281C7700000A86AB /* Authentication */,
				0037EB812811EC6800B478A0 /* UploadTweet */,
				009AA5DF280218F500F67D93 /* SideMenu */,
				0042BA7C27F775BF005B18B0 /* Profile */,
				0042BA7B27F775B3005B18B0 /* Messages */,
				0042BA7A27F775AC005B18B0 /* Notifications */,
				0042BA7927F77591005B18B0 /* Explore */,
				0042BA7627F7723E005B18B0 /* MainTab */,
				0042BA6E27F7645D005B18B0 /* Feed */,
			);
			path = Core;
			sourceTree = "<group>";
		};
		0042BA6D27F7644D005B18B0 /* Components */ = {
			isa = PBXGroup;
			children = (
				004508E6282706A000DEFF69 /* Authentication */,
				000C7F3E27FF6818002EC330 /* Users */,
				0042BA7327F765EC005B18B0 /* Tweets */,
				0037EB862811EEF100B478A0 /* TextArea.swift */,
				00E7C9B6281C7956000A86AB /* RoundedShape.swift */,
				00AE361028207D060080EE0D /* CustomInputField.swift */,
			);
			path = Components;
			sourceTree = "<group>";
		};
		0042BA6E27F7645D005B18B0 /* Feed */ = {
			isa = PBXGroup;
			children = (
				0042BA7027F764B1005B18B0 /* View */,
				0042BA6F27F7649F005B18B0 /* ViewModels */,
			);
			path = Feed;
			sourceTree = "<group>";
		};
		0042BA6F27F7649F005B18B0 /* ViewModels */ = {
			isa = PBXGroup;
			children = (
			);
			path = ViewModels;
			sourceTree = "<group>";
		};
		0042BA7027F764B1005B18B0 /* View */ = {
			isa = PBXGroup;
			children = (
				0042BA7127F764C7005B18B0 /* FeedView.swift */,
			);
			path = View;
			sourceTree = "<group>";
		};
		0042BA7327F765EC005B18B0 /* Tweets */ = {
			isa = PBXGroup;
			children = (
				0042BA7427F76626005B18B0 /* TweetRowView.swift */,
			);
			path = Tweets;
			sourceTree = "<group>";
		};
		0042BA7627F7723E005B18B0 /* MainTab */ = {
			isa = PBXGroup;
			children = (
				0042BA7727F7727C005B18B0 /* MainTabView.swift */,
			);
			path = MainTab;
			sourceTree = "<group>";
		};
		0042BA7927F77591005B18B0 /* Explore */ = {
			isa = PBXGroup;
			children = (
				000C7F3D27FF67F2002EC330 /* Views */,
				000C7F3C27FF67E4002EC330 /* ViewModels */,
			);
			path = Explore;
			sourceTree = "<group>";
		};
		0042BA7A27F775AC005B18B0 /* Notifications */ = {
			isa = PBXGroup;
			children = (
				00AED20F27F9BA310000EC7F /* NotificationsView.swift */,
			);
			path = Notifications;
			sourceTree = "<group>";
		};
		0042BA7B27F775B3005B18B0 /* Messages */ = {
			isa = PBXGroup;
			children = (
				00AED21127F9BA5E0000EC7F /* MessagesView.swift */,
			);
			path = Messages;
			sourceTree = "<group>";
		};
		0042BA7C27F775BF005B18B0 /* Profile */ = {
			isa = PBXGroup;
			children = (
				00AED21427F9BC9B0000EC7F /* Views */,
				00AED21327F9BC870000EC7F /* ViewModels */,
			);
			path = Profile;
			sourceTree = "<group>";
		};
		004508E6282706A000DEFF69 /* Authentication */ = {
			isa = PBXGroup;
			children = (
				0065F8192827DE9600450A3F /* ViewModel */,
				004508EB2827073100DEFF69 /* AuthHeaderView.swift */,
			);
			path = Authentication;
			sourceTree = "<group>";
		};
		0065F8192827DE9600450A3F /* ViewModel */ = {
			isa = PBXGroup;
			children = (
				0065F81A2827DEC900450A3F /* AuthViewModel.swift */,
			);
			path = ViewModel;
			sourceTree = "<group>";
		};
		009AA5DF280218F500F67D93 /* SideMenu */ = {
			isa = PBXGroup;
			children = (
				009AA5E02802192000F67D93 /* ViewModel */,
				009AA5E12802192800F67D93 /* Views */,
			);
			path = SideMenu;
			sourceTree = "<group>";
		};
		009AA5E02802192000F67D93 /* ViewModel */ = {
			isa = PBXGroup;
			children = (
				009AA5E62802210800F67D93 /* SideMenuViewModel.swift */,
			);
			path = ViewModel;
			sourceTree = "<group>";
		};
		009AA5E12802192800F67D93 /* Views */ = {
			isa = PBXGroup;
			children = (
				009AA5E22802206A00F67D93 /* SideMenuView.swift */,
				00078AB32804FDEE0027EDD7 /* SideMenuOptionRowView.swift */,
			);
			path = Views;
			sourceTree = "<group>";
		};
		00AED21327F9BC870000EC7F /* ViewModels */ = {
			isa = PBXGroup;
			children = (
				00FF4B1E27FD130B008E7255 /* TweetFilterViewModel.swift */,
			);
			path = ViewModels;
			sourceTree = "<group>";
		};
		00AED21427F9BC9B0000EC7F /* Views */ = {
			isa = PBXGroup;
			children = (
				00AED21527F9BCB80000EC7F /* ProfileView.swift */,
			);
			path = Views;
			sourceTree = "<group>";
		};
		00E7C9AF281C7700000A86AB /* Authentication */ = {
			isa = PBXGroup;
			children = (
				00E7C9B0281C7711000A86AB /* ViewModel */,
				00E7C9B1281C771C000A86AB /* Views */,
			);
			path = Authentication;
			sourceTree = "<group>";
		};
		00E7C9B0281C7711000A86AB /* ViewModel */ = {
			isa = PBXGroup;
			children = (
			);
			path = ViewModel;
			sourceTree = "<group>";
		};
		00E7C9B1281C771C000A86AB /* Views */ = {
			isa = PBXGroup;
			children = (
				00E7C9B2281C7743000A86AB /* LogInView.swift */,
				00E7C9B4281C775A000A86AB /* RegisterationView.swift */,
			);
			path = Views;
			sourceTree = "<group>";
		};
/* End PBXGroup section */

/* Begin PBXNativeTarget section */
		0042BA5327F76258005B18B0 /* TwitterClone */ = {
			isa = PBXNativeTarget;
			buildConfigurationList = 0042BA6227F76259005B18B0 /* Build configuration list for PBXNativeTarget "TwitterClone" */;
			buildPhases = (
				0042BA5027F76258005B18B0 /* Sources */,
				0042BA5127F76258005B18B0 /* Frameworks */,
				0042BA5227F76258005B18B0 /* Resources */,
			);
			buildRules = (
			);
			dependencies = (
			);
			name = TwitterClone;
			packageProductDependencies = (
				004508F02827124200DEFF69 /* FirebaseAuth */,
				004508F22827124200DEFF69 /* FirebaseFirestore */,
				004508F42827124200DEFF69 /* FirebaseFirestoreSwift */,
				004508F62827124200DEFF69 /* FirebaseStorage */,
			);
			productName = TwitterClone;
			productReference = 0042BA5427F76258005B18B0 /* TwitterClone.app */;
			productType = "com.apple.product-type.application";
		};
/* End PBXNativeTarget section */

/* Begin PBXProject section */
		0042BA4C27F76258005B18B0 /* Project object */ = {
			isa = PBXProject;
			attributes = {
				BuildIndependentTargetsInParallel = 1;
				LastSwiftUpdateCheck = 1320;
				LastUpgradeCheck = 1320;
				TargetAttributes = {
					0042BA5327F76258005B18B0 = {
						CreatedOnToolsVersion = 13.2.1;
					};
				};
			};
			buildConfigurationList = 0042BA4F27F76258005B18B0 /* Build configuration list for PBXProject "TwitterClone" */;
			compatibilityVersion = "Xcode 13.0";
			developmentRegion = en;
			hasScannedForEncodings = 0;
			knownRegions = (
				en,
				Base,
			);
			mainGroup = 0042BA4B27F76258005B18B0;
			packageReferences = (
				004508EF2827124200DEFF69 /* XCRemoteSwiftPackageReference "firebase-ios-sdk" */,
			);
			productRefGroup = 0042BA5527F76258005B18B0 /* Products */;
			projectDirPath = "";
			projectRoot = "";
			targets = (
				0042BA5327F76258005B18B0 /* TwitterClone */,
			);
		};
/* End PBXProject section */

/* Begin PBXResourcesBuildPhase section */
		0042BA5227F76258005B18B0 /* Resources */ = {
			isa = PBXResourcesBuildPhase;
			buildActionMask = 2147483647;
			files = (
				0042BA5F27F76259005B18B0 /* Preview Assets.xcassets in Resources */,
				0042BA5C27F76259005B18B0 /* Assets.xcassets in Resources */,
				004508EE2827112100DEFF69 /* GoogleService-Info.plist in Resources */,
			);
			runOnlyForDeploymentPostprocessing = 0;
		};
/* End PBXResourcesBuildPhase section */

/* Begin PBXSourcesBuildPhase section */
		0042BA5027F76258005B18B0 /* Sources */ = {
			isa = PBXSourcesBuildPhase;
			buildActionMask = 2147483647;
			files = (
				00AED21227F9BA5E0000EC7F /* MessagesView.swift in Sources */,
				00AED21627F9BCB80000EC7F /* ProfileView.swift in Sources */,
				0042BA5A27F76258005B18B0 /* ContentView.swift in Sources */,
				004508EC2827073100DEFF69 /* AuthHeaderView.swift in Sources */,
				0042BA7527F76626005B18B0 /* TweetRowView.swift in Sources */,
				00AE361128207D060080EE0D /* CustomInputField.swift in Sources */,
				00FF4B1F27FD130B008E7255 /* TweetFilterViewModel.swift in Sources */,
				0042BA7227F764C7005B18B0 /* FeedView.swift in Sources */,
				00E7C9B3281C7743000A86AB /* LogInView.swift in Sources */,
				009AA5E32802206A00F67D93 /* SideMenuView.swift in Sources */,
				00E7C9B5281C775A000A86AB /* RegisterationView.swift in Sources */,
				0042BA5827F76258005B18B0 /* TwitterCloneApp.swift in Sources */,
				00AED20E27F9B9F60000EC7F /* ExploreView.swift in Sources */,
				009AA5E72802210800F67D93 /* SideMenuViewModel.swift in Sources */,
				0037EB872811EEF100B478A0 /* TextArea.swift in Sources */,
				00078AB42804FDEE0027EDD7 /* SideMenuOptionRowView.swift in Sources */,
				0037EB852811ED6900B478A0 /* NewTweetView.swift in Sources */,
				0065F81B2827DEC900450A3F /* AuthViewModel.swift in Sources */,
				00E7C9B7281C7956000A86AB /* RoundedShape.swift in Sources */,
				000C7F4027FF6837002EC330 /* UserRowView.swift in Sources */,
				0042BA7827F7727C005B18B0 /* MainTabView.swift in Sources */,
				00AED21027F9BA310000EC7F /* NotificationsView.swift in Sources */,
				009AA5E92802242900F67D93 /* UserStatsView.swift in Sources */,
			);
			runOnlyForDeploymentPostprocessing = 0;
		};
/* End PBXSourcesBuildPhase section */

/* Begin XCBuildConfiguration section */
		0042BA6027F76259005B18B0 /* Debug */ = {
			isa = XCBuildConfiguration;
			buildSettings = {
				ALWAYS_SEARCH_USER_PATHS = NO;
				CLANG_ANALYZER_NONNULL = YES;
				CLANG_ANALYZER_NUMBER_OBJECT_CONVERSION = YES_AGGRESSIVE;
				CLANG_CXX_LANGUAGE_STANDARD = "gnu++17";
				CLANG_CXX_LIBRARY = "libc++";
				CLANG_ENABLE_MODULES = YES;
				CLANG_ENABLE_OBJC_ARC = YES;
				CLANG_ENABLE_OBJC_WEAK = YES;
				CLANG_WARN_BLOCK_CAPTURE_AUTORELEASING = YES;
				CLANG_WARN_BOOL_CONVERSION = YES;
				CLANG_WARN_COMMA = YES;
				CLANG_WARN_CONSTANT_CONVERSION = YES;
				CLANG_WARN_DEPRECATED_OBJC_IMPLEMENTATIONS = YES;
				CLANG_WARN_DIRECT_OBJC_ISA_USAGE = YES_ERROR;
				CLANG_WARN_DOCUMENTATION_COMMENTS = YES;
				CLANG_WARN_EMPTY_BODY = YES;
				CLANG_WARN_ENUM_CONVERSION = YES;
				CLANG_WARN_INFINITE_RECURSION = YES;
				CLANG_WARN_INT_CONVERSION = YES;
				CLANG_WARN_NON_LITERAL_NULL_CONVERSION = YES;
				CLANG_WARN_OBJC_IMPLICIT_RETAIN_SELF = YES;
				CLANG_WARN_OBJC_LITERAL_CONVERSION = YES;
				CLANG_WARN_OBJC_ROOT_CLASS = YES_ERROR;
				CLANG_WARN_QUOTED_INCLUDE_IN_FRAMEWORK_HEADER = YES;
				CLANG_WARN_RANGE_LOOP_ANALYSIS = YES;
				CLANG_WARN_STRICT_PROTOTYPES = YES;
				CLANG_WARN_SUSPICIOUS_MOVE = YES;
				CLANG_WARN_UNGUARDED_AVAILABILITY = YES_AGGRESSIVE;
				CLANG_WARN_UNREACHABLE_CODE = YES;
				CLANG_WARN__DUPLICATE_METHOD_MATCH = YES;
				COPY_PHASE_STRIP = NO;
				DEBUG_INFORMATION_FORMAT = dwarf;
				ENABLE_STRICT_OBJC_MSGSEND = YES;
				ENABLE_TESTABILITY = YES;
				GCC_C_LANGUAGE_STANDARD = gnu11;
				GCC_DYNAMIC_NO_PIC = NO;
				GCC_NO_COMMON_BLOCKS = YES;
				GCC_OPTIMIZATION_LEVEL = 0;
				GCC_PREPROCESSOR_DEFINITIONS = (
					"DEBUG=1",
					"$(inherited)",
				);
				GCC_WARN_64_TO_32_BIT_CONVERSION = YES;
				GCC_WARN_ABOUT_RETURN_TYPE = YES_ERROR;
				GCC_WARN_UNDECLARED_SELECTOR = YES;
				GCC_WARN_UNINITIALIZED_AUTOS = YES_AGGRESSIVE;
				GCC_WARN_UNUSED_FUNCTION = YES;
				GCC_WARN_UNUSED_VARIABLE = YES;
				IPHONEOS_DEPLOYMENT_TARGET = 15.2;
				MTL_ENABLE_DEBUG_INFO = INCLUDE_SOURCE;
				MTL_FAST_MATH = YES;
				ONLY_ACTIVE_ARCH = YES;
				SDKROOT = iphoneos;
				SWIFT_ACTIVE_COMPILATION_CONDITIONS = DEBUG;
				SWIFT_OPTIMIZATION_LEVEL = "-Onone";
			};
			name = Debug;
		};
		0042BA6127F76259005B18B0 /* Release */ = {
			isa = XCBuildConfiguration;
			buildSettings = {
				ALWAYS_SEARCH_USER_PATHS = NO;
				CLANG_ANALYZER_NONNULL = YES;
				CLANG_ANALYZER_NUMBER_OBJECT_CONVERSION = YES_AGGRESSIVE;
				CLANG_CXX_LANGUAGE_STANDARD = "gnu++17";
				CLANG_CXX_LIBRARY = "libc++";
				CLANG_ENABLE_MODULES = YES;
				CLANG_ENABLE_OBJC_ARC = YES;
				CLANG_ENABLE_OBJC_WEAK = YES;
				CLANG_WARN_BLOCK_CAPTURE_AUTORELEASING = YES;
				CLANG_WARN_BOOL_CONVERSION = YES;
				CLANG_WARN_COMMA = YES;
				CLANG_WARN_CONSTANT_CONVERSION = YES;
				CLANG_WARN_DEPRECATED_OBJC_IMPLEMENTATIONS = YES;
				CLANG_WARN_DIRECT_OBJC_ISA_USAGE = YES_ERROR;
				CLANG_WARN_DOCUMENTATION_COMMENTS = YES;
				CLANG_WARN_EMPTY_BODY = YES;
				CLANG_WARN_ENUM_CONVERSION = YES;
				CLANG_WARN_INFINITE_RECURSION = YES;
				CLANG_WARN_INT_CONVERSION = YES;
				CLANG_WARN_NON_LITERAL_NULL_CONVERSION = YES;
				CLANG_WARN_OBJC_IMPLICIT_RETAIN_SELF = YES;
				CLANG_WARN_OBJC_LITERAL_CONVERSION = YES;
				CLANG_WARN_OBJC_ROOT_CLASS = YES_ERROR;
				CLANG_WARN_QUOTED_INCLUDE_IN_FRAMEWORK_HEADER = YES;
				CLANG_WARN_RANGE_LOOP_ANALYSIS = YES;
				CLANG_WARN_STRICT_PROTOTYPES = YES;
				CLANG_WARN_SUSPICIOUS_MOVE = YES;
				CLANG_WARN_UNGUARDED_AVAILABILITY = YES_AGGRESSIVE;
				CLANG_WARN_UNREACHABLE_CODE = YES;
				CLANG_WARN__DUPLICATE_METHOD_MATCH = YES;
				COPY_PHASE_STRIP = NO;
				DEBUG_INFORMATION_FORMAT = "dwarf-with-dsym";
				ENABLE_NS_ASSERTIONS = NO;
				ENABLE_STRICT_OBJC_MSGSEND = YES;
				GCC_C_LANGUAGE_STANDARD = gnu11;
				GCC_NO_COMMON_BLOCKS = YES;
				GCC_WARN_64_TO_32_BIT_CONVERSION = YES;
				GCC_WARN_ABOUT_RETURN_TYPE = YES_ERROR;
				GCC_WARN_UNDECLARED_SELECTOR = YES;
				GCC_WARN_UNINITIALIZED_AUTOS = YES_AGGRESSIVE;
				GCC_WARN_UNUSED_FUNCTION = YES;
				GCC_WARN_UNUSED_VARIABLE = YES;
				IPHONEOS_DEPLOYMENT_TARGET = 15.2;
				MTL_ENABLE_DEBUG_INFO = NO;
				MTL_FAST_MATH = YES;
				SDKROOT = iphoneos;
				SWIFT_COMPILATION_MODE = wholemodule;
				SWIFT_OPTIMIZATION_LEVEL = "-O";
				VALIDATE_PRODUCT = YES;
			};
			name = Release;
		};
		0042BA6327F76259005B18B0 /* Debug */ = {
			isa = XCBuildConfiguration;
			buildSettings = {
				ASSETCATALOG_COMPILER_APPICON_NAME = AppIcon;
				ASSETCATALOG_COMPILER_GLOBAL_ACCENT_COLOR_NAME = AccentColor;
				CODE_SIGN_STYLE = Automatic;
				CURRENT_PROJECT_VERSION = 1;
				DEVELOPMENT_ASSET_PATHS = "\"TwitterClone/Preview Content\"";
				DEVELOPMENT_TEAM = D4Z6HSM6WG;
				ENABLE_PREVIEWS = YES;
				GENERATE_INFOPLIST_FILE = YES;
				INFOPLIST_KEY_UIApplicationSceneManifest_Generation = YES;
				INFOPLIST_KEY_UIApplicationSupportsIndirectInputEvents = YES;
				INFOPLIST_KEY_UILaunchScreen_Generation = YES;
				INFOPLIST_KEY_UISupportedInterfaceOrientations_iPad = "UIInterfaceOrientationPortrait UIInterfaceOrientationPortraitUpsideDown UIInterfaceOrientationLandscapeLeft UIInterfaceOrientationLandscapeRight";
				INFOPLIST_KEY_UISupportedInterfaceOrientations_iPhone = "UIInterfaceOrientationPortrait UIInterfaceOrientationLandscapeLeft UIInterfaceOrientationLandscapeRight";
				LD_RUNPATH_SEARCH_PATHS = (
					"$(inherited)",
					"@executable_path/Frameworks",
				);
				MARKETING_VERSION = 1.0;
				PRODUCT_BUNDLE_IDENTIFIER = com.yahimoh.TwitterClone;
				PRODUCT_NAME = "$(TARGET_NAME)";
				SWIFT_EMIT_LOC_STRINGS = YES;
				SWIFT_VERSION = 5.0;
				TARGETED_DEVICE_FAMILY = "1,2";
			};
			name = Debug;
		};
		0042BA6427F76259005B18B0 /* Release */ = {
			isa = XCBuildConfiguration;
			buildSettings = {
				ASSETCATALOG_COMPILER_APPICON_NAME = AppIcon;
				ASSETCATALOG_COMPILER_GLOBAL_ACCENT_COLOR_NAME = AccentColor;
				CODE_SIGN_STYLE = Automatic;
				CURRENT_PROJECT_VERSION = 1;
				DEVELOPMENT_ASSET_PATHS = "\"TwitterClone/Preview Content\"";
				DEVELOPMENT_TEAM = D4Z6HSM6WG;
				ENABLE_PREVIEWS = YES;
				GENERATE_INFOPLIST_FILE = YES;
				INFOPLIST_KEY_UIApplicationSceneManifest_Generation = YES;
				INFOPLIST_KEY_UIApplicationSupportsIndirectInputEvents = YES;
				INFOPLIST_KEY_UILaunchScreen_Generation = YES;
				INFOPLIST_KEY_UISupportedInterfaceOrientations_iPad = "UIInterfaceOrientationPortrait UIInterfaceOrientationPortraitUpsideDown UIInterfaceOrientationLandscapeLeft UIInterfaceOrientationLandscapeRight";
				INFOPLIST_KEY_UISupportedInterfaceOrientations_iPhone = "UIInterfaceOrientationPortrait UIInterfaceOrientationLandscapeLeft UIInterfaceOrientationLandscapeRight";
				LD_RUNPATH_SEARCH_PATHS = (
					"$(inherited)",
					"@executable_path/Frameworks",
				);
				MARKETING_VERSION = 1.0;
				PRODUCT_BUNDLE_IDENTIFIER = com.yahimoh.TwitterClone;
				PRODUCT_NAME = "$(TARGET_NAME)";
				SWIFT_EMIT_LOC_STRINGS = YES;
				SWIFT_VERSION = 5.0;
				TARGETED_DEVICE_FAMILY = "1,2";
			};
			name = Release;
		};
/* End XCBuildConfiguration section */

/* Begin XCConfigurationList section */
		0042BA4F27F76258005B18B0 /* Build configuration list for PBXProject "TwitterClone" */ = {
			isa = XCConfigurationList;
			buildConfigurations = (
				0042BA6027F76259005B18B0 /* Debug */,
				0042BA6127F76259005B18B0 /* Release */,
			);
			defaultConfigurationIsVisible = 0;
			defaultConfigurationName = Release;
		};
		0042BA6227F76259005B18B0 /* Build configuration list for PBXNativeTarget "TwitterClone" */ = {
			isa = XCConfigurationList;
			buildConfigurations = (
				0042BA6327F76259005B18B0 /* Debug */,
				0042BA6427F76259005B18B0 /* Release */,
			);
			defaultConfigurationIsVisible = 0;
			defaultConfigurationName = Release;
		};
/* End XCConfigurationList section */

/* Begin XCRemoteSwiftPackageReference section */
		004508EF2827124200DEFF69 /* XCRemoteSwiftPackageReference "firebase-ios-sdk" */ = {
			isa = XCRemoteSwiftPackageReference;
			repositoryURL = "https://github.com/firebase/firebase-ios-sdk";
			requirement = {
				kind = upToNextMajorVersion;
				minimumVersion = 9.0.0;
			};
		};
/* End XCRemoteSwiftPackageReference section */

/* Begin XCSwiftPackageProductDependency section */
		004508F02827124200DEFF69 /* FirebaseAuth */ = {
			isa = XCSwiftPackageProductDependency;
			package = 004508EF2827124200DEFF69 /* XCRemoteSwiftPackageReference "firebase-ios-sdk" */;
			productName = FirebaseAuth;
		};
		004508F22827124200DEFF69 /* FirebaseFirestore */ = {
			isa = XCSwiftPackageProductDependency;
			package = 004508EF2827124200DEFF69 /* XCRemoteSwiftPackageReference "firebase-ios-sdk" */;
			productName = FirebaseFirestore;
		};
		004508F42827124200DEFF69 /* FirebaseFirestoreSwift */ = {
			isa = XCSwiftPackageProductDependency;
			package = 004508EF2827124200DEFF69 /* XCRemoteSwiftPackageReference "firebase-ios-sdk" */;
			productName = FirebaseFirestoreSwift;
		};
		004508F62827124200DEFF69 /* FirebaseStorage */ = {
			isa = XCSwiftPackageProductDependency;
			package = 004508EF2827124200DEFF69 /* XCRemoteSwiftPackageReference "firebase-ios-sdk" */;
			productName = FirebaseStorage;
		};
/* End XCSwiftPackageProductDependency section */
	};
	rootObject = 0042BA4C27F76258005B18B0 /* Project object */;
}
